
Microsoft Visual Studio Solution File, Format Version 12.00
# Visual Studio Version 17
VisualStudioVersion = 17.8.34316.72
MinimumVisualStudioVersion = 10.0.40219.1
Project("{FAE04EC0-301F-11D3-BF4B-00C04F79EFBC}") = "APP_git", "APP_git\APP_git.csproj", "{EFCCC90D-BE83-441E-A1AC-1371B9E30D27}"
EndProject
Global
	GlobalSection(SolutionConfigurationPlatforms) = preSolution
		Debug|Any CPU = Debug|Any CPU
		Release|Any CPU = Release|Any CPU
	EndGlobalSection
	GlobalSection(ProjectConfigurationPlatforms) = postSolution
		{EFCCC90D-BE83-441E-A1AC-1371B9E30D27}.Debug|Any CPU.ActiveCfg = Debug|Any CPU
		{EFCCC90D-BE83-441E-A1AC-1371B9E30D27}.Debug|Any CPU.Build.0 = Debug|Any CPU
		{EFCCC90D-BE83-441E-A1AC-1371B9E30D27}.Release|Any CPU.ActiveCfg = Release|Any CPU
		{EFCCC90D-BE83-441E-A1AC-1371B9E30D27}.Release|Any CPU.Build.0 = Release|Any CPU
	EndGlobalSection
	GlobalSection(SolutionProperties) = preSolution
		HideSolutionNode = FALSE
	EndGlobalSection
	GlobalSection(ExtensibilityGlobals) = postSolution
		SolutionGuid = {EFDA5AD3-F388-4B8E-A55D-B3448F816A77}
	EndGlobalSection
EndGlobal
